// !$*UTF8*$!
{
	archiveVersion = 1;
	classes = {
	};
	objectVersion = 50;
	objects = {

/* Begin PBXBuildFile section */
		3E2183472119E6D8005A6E43 /* MainViewController.swift in Sources */ = {isa = PBXBuildFile; fileRef = 3E2183462119E6D8005A6E43 /* MainViewController.swift */; };
		3E5623FE211908F300904A51 /* AppDelegate.swift in Sources */ = {isa = PBXBuildFile; fileRef = 3E5623FD211908F300904A51 /* AppDelegate.swift */; };
		3E562403211908F300904A51 /* Main.storyboard in Resources */ = {isa = PBXBuildFile; fileRef = 3E562401211908F300904A51 /* Main.storyboard */; };
		3E562405211908F400904A51 /* Assets.xcassets in Resources */ = {isa = PBXBuildFile; fileRef = 3E562404211908F400904A51 /* Assets.xcassets */; };
		3E562408211908F400904A51 /* LaunchScreen.storyboard in Resources */ = {isa = PBXBuildFile; fileRef = 3E562406211908F400904A51 /* LaunchScreen.storyboard */; };
		3E5624122119090100904A51 /* CloudKit.framework in Frameworks */ = {isa = PBXBuildFile; fileRef = 3E5624112119090100904A51 /* CloudKit.framework */; };
		3E66B906211A2AD100152EB8 /* RecordWhistleViewController.swift in Sources */ = {isa = PBXBuildFile; fileRef = 3E66B905211A2AD100152EB8 /* RecordWhistleViewController.swift */; };
		3E66B908211A6F2700152EB8 /* SelectGenreTableViewController.swift in Sources */ = {isa = PBXBuildFile; fileRef = 3E66B907211A6F2700152EB8 /* SelectGenreTableViewController.swift */; };
		3E66B90A211A74D400152EB8 /* AddCommentsViewController.swift in Sources */ = {isa = PBXBuildFile; fileRef = 3E66B909211A74D400152EB8 /* AddCommentsViewController.swift */; };
		3E66B90C211A783100152EB8 /* SubmitViewController.swift in Sources */ = {isa = PBXBuildFile; fileRef = 3E66B90B211A783000152EB8 /* SubmitViewController.swift */; };
		3E7F4C35211CEEA8002F087F /* Whistle.swift in Sources */ = {isa = PBXBuildFile; fileRef = 3E7F4C34211CEEA8002F087F /* Whistle.swift */; };
/* End PBXBuildFile section */

/* Begin PBXFileReference section */
		3E2183462119E6D8005A6E43 /* MainViewController.swift */ = {isa = PBXFileReference; lastKnownFileType = sourcecode.swift; path = MainViewController.swift; sourceTree = "<group>"; };
		3E5623FA211908F300904A51 /* WhatTheWhistleHWS.app */ = {isa = PBXFileReference; explicitFileType = wrapper.application; includeInIndex = 0; path = WhatTheWhistleHWS.app; sourceTree = BUILT_PRODUCTS_DIR; };
		3E5623FD211908F300904A51 /* AppDelegate.swift */ = {isa = PBXFileReference; lastKnownFileType = sourcecode.swift; path = AppDelegate.swift; sourceTree = "<group>"; };
		3E562402211908F300904A51 /* Base */ = {isa = PBXFileReference; lastKnownFileType = file.storyboard; name = Base; path = Base.lproj/Main.storyboard; sourceTree = "<group>"; };
		3E562404211908F400904A51 /* Assets.xcassets */ = {isa = PBXFileReference; lastKnownFileType = folder.assetcatalog; path = Assets.xcassets; sourceTree = "<group>"; };
		3E562407211908F400904A51 /* Base */ = {isa = PBXFileReference; lastKnownFileType = file.storyboard; name = Base; path = Base.lproj/LaunchScreen.storyboard; sourceTree = "<group>"; };
		3E562409211908F400904A51 /* Info.plist */ = {isa = PBXFileReference; lastKnownFileType = text.plist.xml; path = Info.plist; sourceTree = "<group>"; };
		3E56240F211908FF00904A51 /* WhatTheWhistleHWS.entitlements */ = {isa = PBXFileReference; lastKnownFileType = text.plist.entitlements; path = WhatTheWhistleHWS.entitlements; sourceTree = "<group>"; };
		3E5624112119090100904A51 /* CloudKit.framework */ = {isa = PBXFileReference; lastKnownFileType = wrapper.framework; name = CloudKit.framework; path = System/Library/Frameworks/CloudKit.framework; sourceTree = SDKROOT; };
		3E66B905211A2AD100152EB8 /* RecordWhistleViewController.swift */ = {isa = PBXFileReference; lastKnownFileType = sourcecode.swift; path = RecordWhistleViewController.swift; sourceTree = "<group>"; };
		3E66B907211A6F2700152EB8 /* SelectGenreTableViewController.swift */ = {isa = PBXFileReference; lastKnownFileType = sourcecode.swift; path = SelectGenreTableViewController.swift; sourceTree = "<group>"; };
		3E66B909211A74D400152EB8 /* AddCommentsViewController.swift */ = {isa = PBXFileReference; lastKnownFileType = sourcecode.swift; path = AddCommentsViewController.swift; sourceTree = "<group>"; };
		3E66B90B211A783000152EB8 /* SubmitViewController.swift */ = {isa = PBXFileReference; lastKnownFileType = sourcecode.swift; path = SubmitViewController.swift; sourceTree = "<group>"; };
		3E7F4C34211CEEA8002F087F /* Whistle.swift */ = {isa = PBXFileReference; lastKnownFileType = sourcecode.swift; path = Whistle.swift; sourceTree = "<group>"; };
/* End PBXFileReference section */

/* Begin PBXFrameworksBuildPhase section */
		3E5623F7211908F300904A51 /* Frameworks */ = {
			isa = PBXFrameworksBuildPhase;
			buildActionMask = 2147483647;
			files = (
				3E5624122119090100904A51 /* CloudKit.framework in Frameworks */,
			);
			runOnlyForDeploymentPostprocessing = 0;
		};
/* End PBXFrameworksBuildPhase section */

/* Begin PBXGroup section */
		3E2183442119E696005A6E43 /* Resources */ = {
			isa = PBXGroup;
			children = (
				3E5623FD211908F300904A51 /* AppDelegate.swift */,
				3E562404211908F400904A51 /* Assets.xcassets */,
				3E562406211908F400904A51 /* LaunchScreen.storyboard */,
				3E562409211908F400904A51 /* Info.plist */,
			);
			path = Resources;
			sourceTree = "<group>";
		};
		3E2183452119E6A2005A6E43 /* View */ = {
			isa = PBXGroup;
			children = (
				3E562401211908F300904A51 /* Main.storyboard */,
			);
			path = View;
			sourceTree = "<group>";
		};
		3E2183482119E6DD005A6E43 /* View Controller */ = {
			isa = PBXGroup;
			children = (
				3E2183462119E6D8005A6E43 /* MainViewController.swift */,
				3E66B905211A2AD100152EB8 /* RecordWhistleViewController.swift */,
				3E66B909211A74D400152EB8 /* AddCommentsViewController.swift */,
				3E66B90B211A783000152EB8 /* SubmitViewController.swift */,
				3E66B907211A6F2700152EB8 /* SelectGenreTableViewController.swift */,
			);
			path = "View Controller";
			sourceTree = "<group>";
		};
		3E5623F1211908F300904A51 = {
			isa = PBXGroup;
			children = (
				3E5623FC211908F300904A51 /* WhatTheWhistleHWS */,
				3E5623FB211908F300904A51 /* Products */,
				3E5624102119090100904A51 /* Frameworks */,
			);
			sourceTree = "<group>";
		};
		3E5623FB211908F300904A51 /* Products */ = {
			isa = PBXGroup;
			children = (
				3E5623FA211908F300904A51 /* WhatTheWhistleHWS.app */,
			);
			name = Products;
			sourceTree = "<group>";
		};
		3E5623FC211908F300904A51 /* WhatTheWhistleHWS */ = {
			isa = PBXGroup;
			children = (
				3E7F4C34211CEEA8002F087F /* Whistle.swift */,
				3E56240F211908FF00904A51 /* WhatTheWhistleHWS.entitlements */,
				3E2183452119E6A2005A6E43 /* View */,
				3E2183482119E6DD005A6E43 /* View Controller */,
				3E2183442119E696005A6E43 /* Resources */,
			);
			path = WhatTheWhistleHWS;
			sourceTree = "<group>";
		};
		3E5624102119090100904A51 /* Frameworks */ = {
			isa = PBXGroup;
			children = (
				3E5624112119090100904A51 /* CloudKit.framework */,
			);
			name = Frameworks;
			sourceTree = "<group>";
		};
/* End PBXGroup section */

/* Begin PBXNativeTarget section */
		3E5623F9211908F300904A51 /* WhatTheWhistleHWS */ = {
			isa = PBXNativeTarget;
			buildConfigurationList = 3E56240C211908F400904A51 /* Build configuration list for PBXNativeTarget "WhatTheWhistleHWS" */;
			buildPhases = (
				3E5623F6211908F300904A51 /* Sources */,
				3E5623F7211908F300904A51 /* Frameworks */,
				3E5623F8211908F300904A51 /* Resources */,
			);
			buildRules = (
			);
			dependencies = (
			);
			name = WhatTheWhistleHWS;
			productName = WhatTheWhistleHWS;
			productReference = 3E5623FA211908F300904A51 /* WhatTheWhistleHWS.app */;
			productType = "com.apple.product-type.application";
		};
/* End PBXNativeTarget section */

/* Begin PBXProject section */
		3E5623F2211908F300904A51 /* Project object */ = {
			isa = PBXProject;
			attributes = {
				LastSwiftUpdateCheck = 1000;
				LastUpgradeCheck = 1000;
				ORGANIZATIONNAME = "Owen Henley";
				TargetAttributes = {
					3E5623F9211908F300904A51 = {
						CreatedOnToolsVersion = 10.0;
						SystemCapabilities = {
							com.apple.Push = {
								enabled = 1;
							};
							com.apple.iCloud = {
								enabled = 1;
							};
						};
					};
				};
			};
			buildConfigurationList = 3E5623F5211908F300904A51 /* Build configuration list for PBXProject "WhatTheWhistleHWS" */;
			compatibilityVersion = "Xcode 9.3";
			developmentRegion = en;
			hasScannedForEncodings = 0;
			knownRegions = (
				en,
				Base,
			);
			mainGroup = 3E5623F1211908F300904A51;
			productRefGroup = 3E5623FB211908F300904A51 /* Products */;
			projectDirPath = "";
			projectRoot = "";
			targets = (
				3E5623F9211908F300904A51 /* WhatTheWhistleHWS */,
			);
		};
/* End PBXProject section */

/* Begin PBXResourcesBuildPhase section */
		3E5623F8211908F300904A51 /* Resources */ = {
			isa = PBXResourcesBuildPhase;
			buildActionMask = 2147483647;
			files = (
				3E562408211908F400904A51 /* LaunchScreen.storyboard in Resources */,
				3E562405211908F400904A51 /* Assets.xcassets in Resources */,
				3E562403211908F300904A51 /* Main.storyboard in Resources */,
			);
			runOnlyForDeploymentPostprocessing = 0;
		};
/* End PBXResourcesBuildPhase section */

/* Begin PBXSourcesBuildPhase section */
		3E5623F6211908F300904A51 /* Sources */ = {
			isa = PBXSourcesBuildPhase;
			buildActionMask = 2147483647;
			files = (
				3E5623FE211908F300904A51 /* AppDelegate.swift in Sources */,
				3E66B90A211A74D400152EB8 /* AddCommentsViewController.swift in Sources */,
				3E2183472119E6D8005A6E43 /* MainViewController.swift in Sources */,
				3E66B906211A2AD100152EB8 /* RecordWhistleViewController.swift in Sources */,
				3E7F4C35211CEEA8002F087F /* Whistle.swift in Sources */,
				3E66B90C211A783100152EB8 /* SubmitViewController.swift in Sources */,
				3E66B908211A6F2700152EB8 /* SelectGenreTableViewController.swift in Sources */,
			);
			runOnlyForDeploymentPostprocessing = 0;
		};
/* End PBXSourcesBuildPhase section */

/* Begin PBXVariantGroup section */
		3E562401211908F300904A51 /* Main.storyboard */ = {
			isa = PBXVariantGroup;
			children = (
				3E562402211908F300904A51 /* Base */,
			);
			name = Main.storyboard;
			sourceTree = "<group>";
		};
		3E562406211908F400904A51 /* LaunchScreen.storyboard */ = {
			isa = PBXVariantGroup;
			children = (
				3E562407211908F400904A51 /* Base */,
			);
			name = LaunchScreen.storyboard;
			sourceTree = "<group>";
		};
/* End PBXVariantGroup section */

/* Begin XCBuildConfiguration section */
		3E56240A211908F400904A51 /* Debug */ = {
			isa = XCBuildConfiguration;
			buildSettings = {
				ALWAYS_SEARCH_USER_PATHS = NO;
				CLANG_ANALYZER_NONNULL = YES;
				CLANG_ANALYZER_NUMBER_OBJECT_CONVERSION = YES_AGGRESSIVE;
				CLANG_CXX_LANGUAGE_STANDARD = "gnu++14";
				CLANG_CXX_LIBRARY = "libc++";
				CLANG_ENABLE_MODULES = YES;
				CLANG_ENABLE_OBJC_ARC = YES;
				CLANG_ENABLE_OBJC_WEAK = YES;
				CLANG_WARN_BLOCK_CAPTURE_AUTORELEASING = YES;
				CLANG_WARN_BOOL_CONVERSION = YES;
				CLANG_WARN_COMMA = YES;
				CLANG_WARN_CONSTANT_CONVERSION = YES;
				CLANG_WARN_DEPRECATED_OBJC_IMPLEMENTATIONS = YES;
				CLANG_WARN_DIRECT_OBJC_ISA_USAGE = YES_ERROR;
				CLANG_WARN_DOCUMENTATION_COMMENTS = YES;
				CLANG_WARN_EMPTY_BODY = YES;
				CLANG_WARN_ENUM_CONVERSION = YES;
				CLANG_WARN_INFINITE_RECURSION = YES;
				CLANG_WARN_INT_CONVERSION = YES;
				CLANG_WARN_NON_LITERAL_NULL_CONVERSION = YES;
				CLANG_WARN_OBJC_IMPLICIT_RETAIN_SELF = YES;
				CLANG_WARN_OBJC_LITERAL_CONVERSION = YES;
				CLANG_WARN_OBJC_ROOT_CLASS = YES_ERROR;
				CLANG_WARN_RANGE_LOOP_ANALYSIS = YES;
				CLANG_WARN_STRICT_PROTOTYPES = YES;
				CLANG_WARN_SUSPICIOUS_MOVE = YES;
				CLANG_WARN_UNGUARDED_AVAILABILITY = YES_AGGRESSIVE;
				CLANG_WARN_UNREACHABLE_CODE = YES;
				CLANG_WARN__DUPLICATE_METHOD_MATCH = YES;
				CODE_SIGN_IDENTITY = "iPhone Developer";
				COPY_PHASE_STRIP = NO;
				DEBUG_INFORMATION_FORMAT = dwarf;
				ENABLE_STRICT_OBJC_MSGSEND = YES;
				ENABLE_TESTABILITY = YES;
				GCC_C_LANGUAGE_STANDARD = gnu11;
				GCC_DYNAMIC_NO_PIC = NO;
				GCC_NO_COMMON_BLOCKS = YES;
				GCC_OPTIMIZATION_LEVEL = 0;
				GCC_PREPROCESSOR_DEFINITIONS = (
					"DEBUG=1",
					"$(inherited)",
				);
				GCC_WARN_64_TO_32_BIT_CONVERSION = YES;
				GCC_WARN_ABOUT_RETURN_TYPE = YES_ERROR;
				GCC_WARN_UNDECLARED_SELECTOR = YES;
				GCC_WARN_UNINITIALIZED_AUTOS = YES_AGGRESSIVE;
				GCC_WARN_UNUSED_FUNCTION = YES;
				GCC_WARN_UNUSED_VARIABLE = YES;
				IPHONEOS_DEPLOYMENT_TARGET = 12.0;
				MTL_ENABLE_DEBUG_INFO = INCLUDE_SOURCE;
				MTL_FAST_MATH = YES;
				ONLY_ACTIVE_ARCH = YES;
				SDKROOT = iphoneos;
				SWIFT_ACTIVE_COMPILATION_CONDITIONS = DEBUG;
				SWIFT_OPTIMIZATION_LEVEL = "-Onone";
			};
			name = Debug;
		};
		3E56240B211908F400904A51 /* Release */ = {
			isa = XCBuildConfiguration;
			buildSettings = {
				ALWAYS_SEARCH_USER_PATHS = NO;
				CLANG_ANALYZER_NONNULL = YES;
				CLANG_ANALYZER_NUMBER_OBJECT_CONVERSION = YES_AGGRESSIVE;
				CLANG_CXX_LANGUAGE_STANDARD = "gnu++14";
				CLANG_CXX_LIBRARY = "libc++";
				CLANG_ENABLE_MODULES = YES;
				CLANG_ENABLE_OBJC_ARC = YES;
				CLANG_ENABLE_OBJC_WEAK = YES;
				CLANG_WARN_BLOCK_CAPTURE_AUTORELEASING = YES;
				CLANG_WARN_BOOL_CONVERSION = YES;
				CLANG_WARN_COMMA = YES;
				CLANG_WARN_CONSTANT_CONVERSION = YES;
				CLANG_WARN_DEPRECATED_OBJC_IMPLEMENTATIONS = YES;
				CLANG_WARN_DIRECT_OBJC_ISA_USAGE = YES_ERROR;
				CLANG_WARN_DOCUMENTATION_COMMENTS = YES;
				CLANG_WARN_EMPTY_BODY = YES;
				CLANG_WARN_ENUM_CONVERSION = YES;
				CLANG_WARN_INFINITE_RECURSION = YES;
				CLANG_WARN_INT_CONVERSION = YES;
				CLANG_WARN_NON_LITERAL_NULL_CONVERSION = YES;
				CLANG_WARN_OBJC_IMPLICIT_RETAIN_SELF = YES;
				CLANG_WARN_OBJC_LITERAL_CONVERSION = YES;
				CLANG_WARN_OBJC_ROOT_CLASS = YES_ERROR;
				CLANG_WARN_RANGE_LOOP_ANALYSIS = YES;
				CLANG_WARN_STRICT_PROTOTYPES = YES;
				CLANG_WARN_SUSPICIOUS_MOVE = YES;
				CLANG_WARN_UNGUARDED_AVAILABILITY = YES_AGGRESSIVE;
				CLANG_WARN_UNREACHABLE_CODE = YES;
				CLANG_WARN__DUPLICATE_METHOD_MATCH = YES;
				CODE_SIGN_IDENTITY = "iPhone Developer";
				COPY_PHASE_STRIP = NO;
				DEBUG_INFORMATION_FORMAT = "dwarf-with-dsym";
				ENABLE_NS_ASSERTIONS = NO;
				ENABLE_STRICT_OBJC_MSGSEND = YES;
				GCC_C_LANGUAGE_STANDARD = gnu11;
				GCC_NO_COMMON_BLOCKS = YES;
				GCC_WARN_64_TO_32_BIT_CONVERSION = YES;
				GCC_WARN_ABOUT_RETURN_TYPE = YES_ERROR;
				GCC_WARN_UNDECLARED_SELECTOR = YES;
				GCC_WARN_UNINITIALIZED_AUTOS = YES_AGGRESSIVE;
				GCC_WARN_UNUSED_FUNCTION = YES;
				GCC_WARN_UNUSED_VARIABLE = YES;
				IPHONEOS_DEPLOYMENT_TARGET = 12.0;
				MTL_ENABLE_DEBUG_INFO = NO;
				MTL_FAST_MATH = YES;
				SDKROOT = iphoneos;
				SWIFT_COMPILATION_MODE = wholemodule;
				SWIFT_OPTIMIZATION_LEVEL = "-O";
				VALIDATE_PRODUCT = YES;
			};
			name = Release;
		};
		3E56240D211908F400904A51 /* Debug */ = {
			isa = XCBuildConfiguration;
			buildSettings = {
				ASSETCATALOG_COMPILER_APPICON_NAME = AppIcon;
				CODE_SIGN_ENTITLEMENTS = WhatTheWhistleHWS/WhatTheWhistleHWS.entitlements;
				CODE_SIGN_STYLE = Automatic;
				DEVELOPMENT_TEAM = CYZA2EE6W8;
				INFOPLIST_FILE = "$(SRCROOT)/WhatTheWhistleHWS/Resources/Info.plist";
				IPHONEOS_DEPLOYMENT_TARGET = 11.4;
				LD_RUNPATH_SEARCH_PATHS = (
					"$(inherited)",
					"@executable_path/Frameworks",
				);
				PRODUCT_BUNDLE_IDENTIFIER = com.owenhenley.WhatTheWhistleHWS;
				PRODUCT_NAME = "$(TARGET_NAME)";
				SWIFT_VERSION = 4.2;
				TARGETED_DEVICE_FAMILY = "1,2";
			};
			name = Debug;
		};
		3E56240E211908F400904A51 /* Release */ = {
			isa = XCBuildConfiguration;
			buildSettings = {
				ASSETCATALOG_COMPILER_APPICON_NAME = AppIcon;
				CODE_SIGN_ENTITLEMENTS = WhatTheWhistleHWS/WhatTheWhistleHWS.entitlements;
				CODE_SIGN_STYLE = Automatic;
				DEVELOPMENT_TEAM = CYZA2EE6W8;
				INFOPLIST_FILE = "$(SRCROOT)/WhatTheWhistleHWS/Resources/Info.plist";
				IPHONEOS_DEPLOYMENT_TARGET = 11.4;
				LD_RUNPATH_SEARCH_PATHS = (
					"$(inherited)",
					"@executable_path/Frameworks",
				);
				PRODUCT_BUNDLE_IDENTIFIER = com.owenhenley.WhatTheWhistleHWS;
				PRODUCT_NAME = "$(TARGET_NAME)";
				SWIFT_VERSION = 4.2;
				TARGETED_DEVICE_FAMILY = "1,2";
			};
			name = Release;
		};
/* End XCBuildConfiguration section */

/* Begin XCConfigurationList section */
		3E5623F5211908F300904A51 /* Build configuration list for PBXProject "WhatTheWhistleHWS" */ = {
			isa = XCConfigurationList;
			buildConfigurations = (
				3E56240A211908F400904A51 /* Debug */,
				3E56240B211908F400904A51 /* Release */,
			);
			defaultConfigurationIsVisible = 0;
			defaultConfigurationName = Release;
		};
		3E56240C211908F400904A51 /* Build configuration list for PBXNativeTarget "WhatTheWhistleHWS" */ = {
			isa = XCConfigurationList;
			buildConfigurations = (
				3E56240D211908F400904A51 /* Debug */,
				3E56240E211908F400904A51 /* Release */,
			);
			defaultConfigurationIsVisible = 0;
			defaultConfigurationName = Release;
		};
/* End XCConfigurationList section */
	};
	rootObject = 3E5623F2211908F300904A51 /* Project object */;
}
